
Microsoft Visual Studio Solution File, Format Version 12.00
# Visual Studio 14
VisualStudioVersion = 14.0.25420.1
MinimumVisualStudioVersion = 10.0.40219.1
Project("{FAE04EC0-301F-11D3-BF4B-00C04F79EFBC}") = "LifeSystem.Tests", "LifeSystem.Tests\LifeSystem.Tests.csproj", "{96FE062E-2A1E-4C38-88B8-44AD929DF19F}"
EndProject
Project("{FAE04EC0-301F-11D3-BF4B-00C04F79EFBC}") = "DataTypes", "..\DataTypes\DataTypes\DataTypes.csproj", "{C6621B0B-D7ED-48E2-89BA-82464F298B7E}"
EndProject
Project("{FAE04EC0-301F-11D3-BF4B-00C04F79EFBC}") = "LifeSystem.GameHost", "..\LifeSystem.GameHost\LifeSystem.GameHost\LifeSystem.GameHost.csproj", "{B4A91BFE-93E2-4C29-AE38-A090295FF4CD}"
EndProject
Project("{FAE04EC0-301F-11D3-BF4B-00C04F79EFBC}") = "LifeSystem.LoadBalancer.DAL", "..\LifeSystem.LoadBalancer\LifeSystem.LoadBalancer.DAL\LifeSystem.LoadBalancer.DAL.csproj", "{AA541D4C-0254-4AAF-B71A-73EBFF247E3E}"
EndProject
Project("{FAE04EC0-301F-11D3-BF4B-00C04F79EFBC}") = "LifeSystem.LoadBalancer.Tests", "..\LifeSystem.LoadBalancer\LifeSystem.LoadBalancer.Tests\LifeSystem.LoadBalancer.Tests.csproj", "{9972EEA8-79FE-4BBC-BCB1-1F41341D742A}"
EndProject
Project("{FAE04EC0-301F-11D3-BF4B-00C04F79EFBC}") = "LifeSystem.LoadBalancer", "..\LifeSystem.LoadBalancer\LifeSystem.LoadBalancer\LifeSystem.LoadBalancer.csproj", "{C6DE0138-B7BB-4864-8E9E-EBFBD97DC927}"
EndProject
Project("{FAE04EC0-301F-11D3-BF4B-00C04F79EFBC}") = "WindowsFormsApplicationGame", "WindowsFormsApplicationGame\WindowsFormsApplicationGame.csproj", "{5967D683-10C2-47CA-BBC4-5E48C3B882C9}"
EndProject
Global
	GlobalSection(SolutionConfigurationPlatforms) = preSolution
		Debug|Any CPU = Debug|Any CPU
		Release|Any CPU = Release|Any CPU
	EndGlobalSection
	GlobalSection(ProjectConfigurationPlatforms) = postSolution
		{96FE062E-2A1E-4C38-88B8-44AD929DF19F}.Debug|Any CPU.ActiveCfg = Debug|Any CPU
		{96FE062E-2A1E-4C38-88B8-44AD929DF19F}.Debug|Any CPU.Build.0 = Debug|Any CPU
		{96FE062E-2A1E-4C38-88B8-44AD929DF19F}.Release|Any CPU.ActiveCfg = Release|Any CPU
		{96FE062E-2A1E-4C38-88B8-44AD929DF19F}.Release|Any CPU.Build.0 = Release|Any CPU
		{C6621B0B-D7ED-48E2-89BA-82464F298B7E}.Debug|Any CPU.ActiveCfg = Debug|Any CPU
		{C6621B0B-D7ED-48E2-89BA-82464F298B7E}.Debug|Any CPU.Build.0 = Debug|Any CPU
		{C6621B0B-D7ED-48E2-89BA-82464F298B7E}.Release|Any CPU.ActiveCfg = Release|Any CPU
		{C6621B0B-D7ED-48E2-89BA-82464F298B7E}.Release|Any CPU.Build.0 = Release|Any CPU
		{B4A91BFE-93E2-4C29-AE38-A090295FF4CD}.Debug|Any CPU.ActiveCfg = Debug|Any CPU
		{B4A91BFE-93E2-4C29-AE38-A090295FF4CD}.Debug|Any CPU.Build.0 = Debug|Any CPU
		{B4A91BFE-93E2-4C29-AE38-A090295FF4CD}.Release|Any CPU.ActiveCfg = Release|Any CPU
		{B4A91BFE-93E2-4C29-AE38-A090295FF4CD}.Release|Any CPU.Build.0 = Release|Any CPU
		{AA541D4C-0254-4AAF-B71A-73EBFF247E3E}.Debug|Any CPU.ActiveCfg = Debug|Any CPU
		{AA541D4C-0254-4AAF-B71A-73EBFF247E3E}.Debug|Any CPU.Build.0 = Debug|Any CPU
		{AA541D4C-0254-4AAF-B71A-73EBFF247E3E}.Release|Any CPU.ActiveCfg = Release|Any CPU
		{AA541D4C-0254-4AAF-B71A-73EBFF247E3E}.Release|Any CPU.Build.0 = Release|Any CPU
		{9972EEA8-79FE-4BBC-BCB1-1F41341D742A}.Debug|Any CPU.ActiveCfg = Debug|Any CPU
		{9972EEA8-79FE-4BBC-BCB1-1F41341D742A}.Debug|Any CPU.Build.0 = Debug|Any CPU
		{9972EEA8-79FE-4BBC-BCB1-1F41341D742A}.Release|Any CPU.ActiveCfg = Release|Any CPU
		{9972EEA8-79FE-4BBC-BCB1-1F41341D742A}.Release|Any CPU.Build.0 = Release|Any CPU
		{C6DE0138-B7BB-4864-8E9E-EBFBD97DC927}.Debug|Any CPU.ActiveCfg = Debug|Any CPU
		{C6DE0138-B7BB-4864-8E9E-EBFBD97DC927}.Debug|Any CPU.Build.0 = Debug|Any CPU
		{C6DE0138-B7BB-4864-8E9E-EBFBD97DC927}.Release|Any CPU.ActiveCfg = Release|Any CPU
		{C6DE0138-B7BB-4864-8E9E-EBFBD97DC927}.Release|Any CPU.Build.0 = Release|Any CPU
		{5967D683-10C2-47CA-BBC4-5E48C3B882C9}.Debug|Any CPU.ActiveCfg = Debug|Any CPU
		{5967D683-10C2-47CA-BBC4-5E48C3B882C9}.Debug|Any CPU.Build.0 = Debug|Any CPU
		{5967D683-10C2-47CA-BBC4-5E48C3B882C9}.Release|Any CPU.ActiveCfg = Release|Any CPU
		{5967D683-10C2-47CA-BBC4-5E48C3B882C9}.Release|Any CPU.Build.0 = Release|Any CPU
	EndGlobalSection
	GlobalSection(SolutionProperties) = preSolution
		HideSolutionNode = FALSE
	EndGlobalSection
EndGlobal
